
Microsoft Visual Studio Solution File, Format Version 12.00
# Visual Studio Version 17
VisualStudioVersion = 17.11.35312.102
MinimumVisualStudioVersion = 10.0.40219.1
Project("{FAE04EC0-301F-11D3-BF4B-00C04F79EFBC}") = "ShawarmaManagementSystem", "ShawarmaManagementSystem.csproj", "{1504549E-A0DB-4A48-9E77-FB84D723D9DF}"
EndProject
Global
	GlobalSection(SolutionConfigurationPlatforms) = preSolution
		Debug|Any CPU = Debug|Any CPU
		Release|Any CPU = Release|Any CPU
	EndGlobalSection
	GlobalSection(ProjectConfigurationPlatforms) = postSolution
		{1504549E-A0DB-4A48-9E77-FB84D723D9DF}.Debug|Any CPU.ActiveCfg = Debug|Any CPU
		{1504549E-A0DB-4A48-9E77-FB84D723D9DF}.Debug|Any CPU.Build.0 = Debug|Any CPU
		{1504549E-A0DB-4A48-9E77-FB84D723D9DF}.Release|Any CPU.ActiveCfg = Release|Any CPU
		{1504549E-A0DB-4A48-9E77-FB84D723D9DF}.Release|Any CPU.Build.0 = Release|Any CPU
	EndGlobalSection
	GlobalSection(SolutionProperties) = preSolution
		HideSolutionNode = FALSE
	EndGlobalSection
	GlobalSection(ExtensibilityGlobals) = postSolution
		SolutionGuid = {832DF625-4ECB-4D5B-9976-BED4300255D8}
	EndGlobalSection
EndGlobal
